
Microsoft Visual Studio Solution File, Format Version 12.00
# Visual Studio Version 17
VisualStudioVersion = 17.5.33424.131
MinimumVisualStudioVersion = 10.0.40219.1
Project("{FAE04EC0-301F-11D3-BF4B-00C04F79EFBC}") = "Client", "..\beginning-static-web-apps\Client\Client.csproj", "{B217F9CF-D2E6-47BF-8454-8B8A15F3665E}"
EndProject
Project("{FAE04EC0-301F-11D3-BF4B-00C04F79EFBC}") = "API", "..\beginning-static-web-apps\API\API.csproj", "{F6946BC4-B136-412A-8B33-684106601053}"
EndProject
Global
	GlobalSection(SolutionConfigurationPlatforms) = preSolution
		Debug|Any CPU = Debug|Any CPU
		Release|Any CPU = Release|Any CPU
	EndGlobalSection
	GlobalSection(ProjectConfigurationPlatforms) = postSolution
		{B217F9CF-D2E6-47BF-8454-8B8A15F3665E}.Debug|Any CPU.ActiveCfg = Debug|Any CPU
		{B217F9CF-D2E6-47BF-8454-8B8A15F3665E}.Debug|Any CPU.Build.0 = Debug|Any CPU
		{B217F9CF-D2E6-47BF-8454-8B8A15F3665E}.Release|Any CPU.ActiveCfg = Release|Any CPU
		{B217F9CF-D2E6-47BF-8454-8B8A15F3665E}.Release|Any CPU.Build.0 = Release|Any CPU
		{F6946BC4-B136-412A-8B33-684106601053}.Debug|Any CPU.ActiveCfg = Debug|Any CPU
		{F6946BC4-B136-412A-8B33-684106601053}.Debug|Any CPU.Build.0 = Debug|Any CPU
		{F6946BC4-B136-412A-8B33-684106601053}.Release|Any CPU.ActiveCfg = Release|Any CPU
		{F6946BC4-B136-412A-8B33-684106601053}.Release|Any CPU.Build.0 = Release|Any CPU
	EndGlobalSection
	GlobalSection(SolutionProperties) = preSolution
		HideSolutionNode = FALSE
	EndGlobalSection
	GlobalSection(ExtensibilityGlobals) = postSolution
		SolutionGuid = {1D58A3E5-6080-44DD-B378-981A87FB269C}
	EndGlobalSection
EndGlobal
